{
  "version": 4,
  "terraform_version": "1.14.6",
  "serial": 3,
  "lineage": "1feba62d-71a9-9e67-6ef1-649973b64533",
  "outputs": {},
  "resources": [
    {
      "mode": "managed",
      "type": "yandex_compute_instance",
      "name": "vm-redmine-2",
      "provider": "provider[\"registry.terraform.io/yandex-cloud/yandex\"]",
      "instances": [
        {
          "schema_version": 1,
          "attributes": {
            "allow_recreate": null,
            "allow_stopping_for_update": null,
            "boot_disk": [
              {
                "auto_delete": true,
                "device_name": "fv40fv5k7r0ei0t00vuo",
                "disk_id": "fv40fv5k7r0ei0t00vuo",
                "initialize_params": [
                  {
                    "block_size": 4096,
                    "description": "",
                    "image_id": "fd879gb88170to70d38a",
                    "kms_key_id": "",
                    "name": "",
                    "size": 5,
                    "snapshot_id": "",
                    "type": "network-hdd"
                  }
                ],
                "mode": "READ_WRITE"
              }
            ],
            "created_at": "2026-02-26T20:47:32Z",
            "description": "",
            "filesystem": [],
            "folder_id": "b1gpmjvabfqc88m9u7nj",
            "fqdn": "fv49e98aejmjfvgtggm1.auto.internal",
            "gpu_cluster_id": "",
            "hardware_generation": [
              {
                "generation2_features": [],
                "legacy_features": [
                  {
                    "pci_topology": "PCI_TOPOLOGY_V1"
                  }
                ]
              }
            ],
            "hostname": "",
            "id": "fv49e98aejmjfvgtggm1",
            "labels": null,
            "local_disk": [],
            "maintenance_grace_period": "",
            "maintenance_policy": null,
            "metadata": {
              "ssh-keys": "ubuntu:ssh-rsa AAAAB3NzaC1yc2EAAAADAQABAAACAQCpU18H9EWmseLWxSNXOJed6QVYnUK3JJVufnepRQLB8aFvan+dmBPdJSKA6mPJVTJrIqon7YGoA26qK94Rl1DDYbFscR5uZIUsoj+FrQlJonbms2xx8y36ujMoHlkrV06a1d38szq6JhqTkrYf2Bf7niBAj2WjpZXdA317oQHa3RS5dkrVYW6qgW3VwcgrhXDYX7bFQXstyCsLgSJwTzE9ESaphlmsW4G8hWFOpBnk5y7JG4HhrXHDgnSv5YMULoJOVs8yhottdTblOXOqS1qh1qlthFXyOD6IQIaG2Rfux2jjuQizx6yQtPq2gwJkddHyNiAQxJTXg56vY/KhQBYWWVtoMxJ0cBWzrOT360fiN15UEC0LYQF6OyV+Rui4Bms5mv40Wdj3Zc3XQ9N6zrh6csSVJNaNXd30HZCc0tkejJWA/8NMabv/tpqpD5Fwl01nluxSC9aqhnr085hxMWETVxG71+CYWbsse0RCBE2sUti8Vtx9houd11J0Q1dDx+a1xFbQUBjLcw3NiEFWoFhKWJpJBS1T1AqfLYc7QX5AwMXuNE5iuw11tLmCdL1a9AVQUX+07bHlqf0gia5x6Diuly17LEGUOozpfgi2ojQIg7SJ+JHBe7cdBCyez9BZ+uf+uoZaP/bRqmquaWgCRMk+HHu50lYdEoNehpqJcBtlvQ== natali@DESKTOP-15VMVI4\n"
            },
            "metadata_options": [
              {
                "aws_v1_http_endpoint": 1,
                "aws_v1_http_token": 2,
                "gce_http_endpoint": 1,
                "gce_http_token": 1
              }
            ],
            "name": "redmine-server-automated",
            "network_acceleration_type": "standard",
            "network_interface": [
              {
                "dns_record": [],
                "index": 0,
                "ip_address": "10.130.0.10",
                "ipv4": true,
                "ipv6": false,
                "ipv6_address": "",
                "ipv6_dns_record": [],
                "mac_address": "d0:0d:97:25:0a:74",
                "nat": true,
                "nat_dns_record": [],
                "nat_ip_address": "158.160.226.175",
                "nat_ip_version": "IPV4",
                "security_group_ids": null,
                "subnet_id": "fl8a6gibcosq06mrv5cg"
              }
            ],
            "placement_policy": [
              {
                "host_affinity_rules": [],
                "placement_group_id": "",
                "placement_group_partition": 0
              }
            ],
            "platform_id": "standard-v3",
            "resources": [
              {
                "core_fraction": 20,
                "cores": 2,
                "gpus": 0,
                "memory": 2
              }
            ],
            "scheduling_policy": [
              {
                "preemptible": false
              }
            ],
            "secondary_disk": [],
            "service_account_id": "",
            "status": "running",
            "timeouts": null,
            "zone": "ru-central1-d"
          },
          "sensitive_attributes": [],
          "identity_schema_version": 0,
          "private": "eyJlMmJmYjczMC1lY2FhLTExZTYtOGY4OC0zNDM2M2JjN2M0YzAiOnsiY3JlYXRlIjozMDAwMDAwMDAwMDAsImRlbGV0ZSI6MzAwMDAwMDAwMDAwLCJ1cGRhdGUiOjMwMDAwMDAwMDAwMH0sInNjaGVtYV92ZXJzaW9uIjoiMSJ9"
        }
      ]
    }
  ],
  "check_results": null
}
